
C:\terraform\APP>terraform plan
var.aws_security_group
  Security Group

  Enter a value: group6


Terraform used the selected providers to generate the following execution plan. Resource actions are indicated with the following
symbols:
  + create

Terraform will perform the following actions:

  # null_resource.install_nginx will be created
  + resource "null_resource" "install_nginx" {
      + id = (known after apply)
    }

  # module.ebs_volume.aws_ebs_volume.ebs_volume will be created
  + resource "aws_ebs_volume" "ebs_volume" {
      + arn               = (known after apply)
      + availability_zone = "us-east-1"
      + encrypted         = (known after apply)
      + final_snapshot    = false
      + id                = (known after apply)
      + iops              = (known after apply)
      + kms_key_id        = (known after apply)
      + size              = 10
      + snapshot_id       = (known after apply)
      + tags              = {
          + "Name" = "EBS Volume"
        }
      + tags_all          = {
          + "Name" = "EBS Volume"
        }
      + throughput        = (known after apply)
      + type              = (known after apply)
    }

  # module.ec2_instance.aws_instance.ec2_instance will be created
  + resource "aws_instance" "ec2_instance" {
      + ami                                  = "ami-053b0d53c279acc90"
      + arn                                  = (known after apply)
      + associate_public_ip_address          = (known after apply)
      + availability_zone                    = (known after apply)
      + cpu_core_count                       = (known after apply)
      + cpu_threads_per_core                 = (known after apply)
      + disable_api_stop                     = (known after apply)
      + disable_api_termination              = (known after apply)
      + ebs_optimized                        = (known after apply)
      + get_password_data                    = false
      + host_id                              = (known after apply)
      + host_resource_group_arn              = (known after apply)
      + iam_instance_profile                 = (known after apply)
      + id                                   = (known after apply)
      + instance_initiated_shutdown_behavior = (known after apply)
      + instance_state                       = (known after apply)
      + instance_type                        = "t2.micro"
      + ipv6_address_count                   = (known after apply)
      + ipv6_addresses                       = (known after apply)
      + key_name                             = "groupe6-keys"
      + monitoring                           = (known after apply)
      + outpost_arn                          = (known after apply)
      + password_data                        = (known after apply)
      + placement_group                      = (known after apply)
      + placement_partition_number           = (known after apply)
      + primary_network_interface_id         = (known after apply)
      + private_dns                          = (known after apply)
      + private_ip                           = (known after apply)
      + public_dns                           = (known after apply)
      + public_ip                            = (known after apply)
      + secondary_private_ips                = (known after apply)
      + security_groups                      = (known after apply)
      + source_dest_check                    = true
      + subnet_id                            = (known after apply)
      + tags                                 = {
          + "Name" = "group6"
        }
      + tags_all                             = {
          + "Name" = "group6"
        }
      + tenancy                              = (known after apply)
      + user_data                            = (known after apply)
      + user_data_base64                     = (known after apply)
      + user_data_replace_on_change          = false
      + vpc_security_group_ids               = (known after apply)

      + ebs_block_device {
          + delete_on_termination = true
          + device_name           = "/dev/sdf"
          + encrypted             = (known after apply)
          + iops                  = (known after apply)
          + kms_key_id            = (known after apply)
          + snapshot_id           = (known after apply)
          + throughput            = (known after apply)
          + volume_id             = (known after apply)
          + volume_size           = (known after apply)
          + volume_type           = (known after apply)
        }
    }

  # module.public_ip.aws_eip.public_ip will be created
  + resource "aws_eip" "public_ip" {
      + allocation_id        = (known after apply)
      + association_id       = (known after apply)
      + carrier_ip           = (known after apply)
      + customer_owned_ip    = (known after apply)
      + domain               = (known after apply)
      + id                   = (known after apply)
      + instance             = (known after apply)
      + network_border_group = (known after apply)
      + network_interface    = (known after apply)
      + private_dns          = (known after apply)
      + private_ip           = (known after apply)
      + public_dns           = (known after apply)
      + public_ip            = (known after apply)
      + public_ipv4_pool     = (known after apply)
      + tags                 = {
          + "Name" = "Public IP"
        }
      + tags_all             = {
          + "Name" = "Public IP"
        }
      + vpc                  = true
    }

  # module.public_ip.aws_security_group.security_group will be created
  + resource "aws_security_group" "security_group" {
      + arn                    = (known after apply)
      + description            = "Security Group for public IP"
      + egress                 = (known after apply)
      + id                     = (known after apply)
      + ingress                = (known after apply)
      + name                   = "Groupe6"
      + name_prefix            = (known after apply)
      + owner_id               = (known after apply)
      + revoke_rules_on_delete = false
      + tags_all               = (known after apply)
      + vpc_id                 = (known after apply)
    }

  # module.security_group.aws_security_group.security_group6 will be created
  + resource "aws_security_group" "security_group6" {
      + arn                    = (known after apply)
      + description            = "Security Group for EC2 instance"
      + egress                 = [
          + {
              + cidr_blocks      = [
                  + "0.0.0.0/0",
                ]
              + description      = ""
              + from_port        = 0
              + ipv6_cidr_blocks = []
              + prefix_list_ids  = []
              + protocol         = "-1"
              + security_groups  = []
              + self             = false
              + to_port          = 0
            },
        ]
      + id                     = (known after apply)
      + ingress                = [
          + {
              + cidr_blocks      = [
                  + "0.0.0.0/0",
                ]
              + description      = ""
              + from_port        = 443
              + ipv6_cidr_blocks = []
              + prefix_list_ids  = []
              + protocol         = "tcp"
              + security_groups  = []
              + self             = false
              + to_port          = 443
            },
          + {
              + cidr_blocks      = [
                  + "0.0.0.0/0",
                ]
              + description      = ""
              + from_port        = 80
              + ipv6_cidr_blocks = []
              + prefix_list_ids  = []
              + protocol         = "tcp"
              + security_groups  = []
              + self             = false
              + to_port          = 80
            },
        ]
      + name                   = "Groupe6"
      + name_prefix            = (known after apply)
      + owner_id               = (known after apply)
      + revoke_rules_on_delete = false
      + tags_all               = (known after apply)
      + vpc_id                 = (known after apply)
    }

Plan: 6 to add, 0 to change, 0 to destroy.
╷
│ Warning: Argument is deprecated
│
│   with module.public_ip.aws_eip.public_ip,
│   on modules\public_ip\main.tf line 9, in resource "aws_eip" "public_ip":
│    9:   vpc = true
│
│ use domain attribute instead
│
│ (and one more similar warning elsewhere)